{
  "name": "@takayuki-h/ngx-ui",
  "version": "0.0.6",
  "lockfileVersion": 1,
  "requires": true,
  "dependencies": {
    "@takayuki-h/ngx-icons": {
      "version": "0.0.4",
      "resolved": "https://registry.npmjs.org/@takayuki-h/ngx-icons/-/ngx-icons-0.0.4.tgz",
      "integrity": "sha512-dbC2Z6f4sAAQFC73xIeGC/qlR4tmxT7gWxpfYawVbNL1+oRLNUghU6b4Ut6SPwPhZ4YVgBY5YFVLRs8WY+towQ==",
      "requires": {
        "tslib": "^2.0.0"
      }
    },
    "tslib": {
      "version": "2.1.0",
      "resolved": "https://registry.npmjs.org/tslib/-/tslib-2.1.0.tgz",
      "integrity": "sha512-hcVC3wYEziELGGmEEXue7D75zbwIIVUMWAVbHItGPx0ziyXxrOMQx4rQEVEV45Ut/1IotuEvwqPopzIOkDMf0A=="
    }
  }
}
